// !$*UTF8*$!
{
	archiveVersion = 1;
	classes = {
	};
	objectVersion = 51;
	objects = {

/* Begin PBXBuildFile section */
		B53C5286AE53020DFC2EE153 /* Pods_CATest.framework in Frameworks */ = {isa = PBXBuildFile; fileRef = C8CA5ADF99E786916ACB5C0B /* Pods_CATest.framework */; };
		BC38251024F6113200DF80DB /* AppDelegate.swift in Sources */ = {isa = PBXBuildFile; fileRef = BC38250F24F6113200DF80DB /* AppDelegate.swift */; };
		BC38251224F6113200DF80DB /* SceneDelegate.swift in Sources */ = {isa = PBXBuildFile; fileRef = BC38251124F6113200DF80DB /* SceneDelegate.swift */; };
		BC38251424F6113200DF80DB /* LayerCustomTranstionVC.swift in Sources */ = {isa = PBXBuildFile; fileRef = BC38251324F6113200DF80DB /* LayerCustomTranstionVC.swift */; };
		BC38251724F6113200DF80DB /* Main.storyboard in Resources */ = {isa = PBXBuildFile; fileRef = BC38251524F6113200DF80DB /* Main.storyboard */; };
		BC38251924F6113400DF80DB /* Assets.xcassets in Resources */ = {isa = PBXBuildFile; fileRef = BC38251824F6113400DF80DB /* Assets.xcassets */; };
		BC38251C24F6113400DF80DB /* LaunchScreen.storyboard in Resources */ = {isa = PBXBuildFile; fileRef = BC38251A24F6113400DF80DB /* LaunchScreen.storyboard */; };
		BC7B74CA24F7955300913A19 /* UsingPresentationLayerVC.swift in Sources */ = {isa = PBXBuildFile; fileRef = BC7B74C924F7955300913A19 /* UsingPresentationLayerVC.swift */; };
		BC7B74CD24F79D3D00913A19 /* Extensions.swift in Sources */ = {isa = PBXBuildFile; fileRef = BC7B74CC24F79D3D00913A19 /* Extensions.swift */; };
		BC7B74CF24F79EE800913A19 /* DisableImplicitAnimsVC.swift in Sources */ = {isa = PBXBuildFile; fileRef = BC7B74CE24F79EE800913A19 /* DisableImplicitAnimsVC.swift */; };
		BC7B74D124F7A07300913A19 /* CAAnimationDelegateVC.swift in Sources */ = {isa = PBXBuildFile; fileRef = BC7B74D024F7A07300913A19 /* CAAnimationDelegateVC.swift */; };
		BC7B74D324F7A4DA00913A19 /* SingleCubeVC.swift in Sources */ = {isa = PBXBuildFile; fileRef = BC7B74D224F7A4DA00913A19 /* SingleCubeVC.swift */; };
		BC7B74D524F7A5C300913A19 /* KeyframeAnimationsVC.swift in Sources */ = {isa = PBXBuildFile; fileRef = BC7B74D424F7A5C300913A19 /* KeyframeAnimationsVC.swift */; };
		BC7B74D724F7A7C200913A19 /* MovingAircraftVC.swift in Sources */ = {isa = PBXBuildFile; fileRef = BC7B74D624F7A7C200913A19 /* MovingAircraftVC.swift */; };
		BC7B74D924F7B02400913A19 /* VirtualPropertyAnimsVC.swift in Sources */ = {isa = PBXBuildFile; fileRef = BC7B74D824F7B02400913A19 /* VirtualPropertyAnimsVC.swift */; };
		BC7B74DC24F7D01500913A19 /* AnimationGroupVC.swift in Sources */ = {isa = PBXBuildFile; fileRef = BC7B74DB24F7D01500913A19 /* AnimationGroupVC.swift */; };
		BC7B74DE24F88E3F00913A19 /* TransitionVC.swift in Sources */ = {isa = PBXBuildFile; fileRef = BC7B74DD24F88E3F00913A19 /* TransitionVC.swift */; };
		BC7B74E024F8924D00913A19 /* TransitionTabBarVC.swift in Sources */ = {isa = PBXBuildFile; fileRef = BC7B74DF24F8924D00913A19 /* TransitionTabBarVC.swift */; };
		BC7B74E224F894A500913A19 /* TransitionUIKitVC.swift in Sources */ = {isa = PBXBuildFile; fileRef = BC7B74E124F894A500913A19 /* TransitionUIKitVC.swift */; };
		BC7B74E424F8971200913A19 /* ButtonVC.swift in Sources */ = {isa = PBXBuildFile; fileRef = BC7B74E324F8971200913A19 /* ButtonVC.swift */; };
		BC7B74E624F8979700913A19 /* RenderInContextVC.swift in Sources */ = {isa = PBXBuildFile; fileRef = BC7B74E524F8979700913A19 /* RenderInContextVC.swift */; };
		BC7B74E824F89A6600913A19 /* CancellableAnimationVC.swift in Sources */ = {isa = PBXBuildFile; fileRef = BC7B74E724F89A6600913A19 /* CancellableAnimationVC.swift */; };
		BC7B74EA24F89C6100913A19 /* TableViewController.swift in Sources */ = {isa = PBXBuildFile; fileRef = BC7B74E924F89C6100913A19 /* TableViewController.swift */; };
		BC7B74EC24F8B25500913A19 /* SwingingDoorVC.swift in Sources */ = {isa = PBXBuildFile; fileRef = BC7B74EB24F8B25500913A19 /* SwingingDoorVC.swift */; };
		BC7B74F124F9EFF400913A19 /* TimeOffsetAndSpeedVC.swift in Sources */ = {isa = PBXBuildFile; fileRef = BC7B74F024F9EFF400913A19 /* TimeOffsetAndSpeedVC.swift */; };
		BC7B74F324F9F53600913A19 /* PausingAnimationVC.swift in Sources */ = {isa = PBXBuildFile; fileRef = BC7B74F224F9F53600913A19 /* PausingAnimationVC.swift */; };
/* End PBXBuildFile section */

/* Begin PBXFileReference section */
		69DC3E8BFCB1622B142DB5FB /* Pods-CATest.debug.xcconfig */ = {isa = PBXFileReference; includeInIndex = 1; lastKnownFileType = text.xcconfig; name = "Pods-CATest.debug.xcconfig"; path = "Target Support Files/Pods-CATest/Pods-CATest.debug.xcconfig"; sourceTree = "<group>"; };
		BC38250C24F6113200DF80DB /* CATest.app */ = {isa = PBXFileReference; explicitFileType = wrapper.application; includeInIndex = 0; path = CATest.app; sourceTree = BUILT_PRODUCTS_DIR; };
		BC38250F24F6113200DF80DB /* AppDelegate.swift */ = {isa = PBXFileReference; lastKnownFileType = sourcecode.swift; path = AppDelegate.swift; sourceTree = "<group>"; };
		BC38251124F6113200DF80DB /* SceneDelegate.swift */ = {isa = PBXFileReference; lastKnownFileType = sourcecode.swift; path = SceneDelegate.swift; sourceTree = "<group>"; };
		BC38251324F6113200DF80DB /* LayerCustomTranstionVC.swift */ = {isa = PBXFileReference; lastKnownFileType = sourcecode.swift; path = LayerCustomTranstionVC.swift; sourceTree = "<group>"; };
		BC38251624F6113200DF80DB /* Base */ = {isa = PBXFileReference; lastKnownFileType = file.storyboard; name = Base; path = Base.lproj/Main.storyboard; sourceTree = "<group>"; };
		BC38251824F6113400DF80DB /* Assets.xcassets */ = {isa = PBXFileReference; lastKnownFileType = folder.assetcatalog; path = Assets.xcassets; sourceTree = "<group>"; };
		BC38251B24F6113400DF80DB /* Base */ = {isa = PBXFileReference; lastKnownFileType = file.storyboard; name = Base; path = Base.lproj/LaunchScreen.storyboard; sourceTree = "<group>"; };
		BC38251D24F6113400DF80DB /* Info.plist */ = {isa = PBXFileReference; lastKnownFileType = text.plist.xml; path = Info.plist; sourceTree = "<group>"; };
		BC7B74C924F7955300913A19 /* UsingPresentationLayerVC.swift */ = {isa = PBXFileReference; lastKnownFileType = sourcecode.swift; path = UsingPresentationLayerVC.swift; sourceTree = "<group>"; };
		BC7B74CC24F79D3D00913A19 /* Extensions.swift */ = {isa = PBXFileReference; lastKnownFileType = sourcecode.swift; path = Extensions.swift; sourceTree = "<group>"; };
		BC7B74CE24F79EE800913A19 /* DisableImplicitAnimsVC.swift */ = {isa = PBXFileReference; lastKnownFileType = sourcecode.swift; path = DisableImplicitAnimsVC.swift; sourceTree = "<group>"; };
		BC7B74D024F7A07300913A19 /* CAAnimationDelegateVC.swift */ = {isa = PBXFileReference; lastKnownFileType = sourcecode.swift; path = CAAnimationDelegateVC.swift; sourceTree = "<group>"; };
		BC7B74D224F7A4DA00913A19 /* SingleCubeVC.swift */ = {isa = PBXFileReference; lastKnownFileType = sourcecode.swift; path = SingleCubeVC.swift; sourceTree = "<group>"; };
		BC7B74D424F7A5C300913A19 /* KeyframeAnimationsVC.swift */ = {isa = PBXFileReference; lastKnownFileType = sourcecode.swift; path = KeyframeAnimationsVC.swift; sourceTree = "<group>"; };
		BC7B74D624F7A7C200913A19 /* MovingAircraftVC.swift */ = {isa = PBXFileReference; lastKnownFileType = sourcecode.swift; path = MovingAircraftVC.swift; sourceTree = "<group>"; };
		BC7B74D824F7B02400913A19 /* VirtualPropertyAnimsVC.swift */ = {isa = PBXFileReference; lastKnownFileType = sourcecode.swift; path = VirtualPropertyAnimsVC.swift; sourceTree = "<group>"; };
		BC7B74DB24F7D01500913A19 /* AnimationGroupVC.swift */ = {isa = PBXFileReference; lastKnownFileType = sourcecode.swift; path = AnimationGroupVC.swift; sourceTree = "<group>"; };
		BC7B74DD24F88E3F00913A19 /* TransitionVC.swift */ = {isa = PBXFileReference; lastKnownFileType = sourcecode.swift; path = TransitionVC.swift; sourceTree = "<group>"; };
		BC7B74DF24F8924D00913A19 /* TransitionTabBarVC.swift */ = {isa = PBXFileReference; lastKnownFileType = sourcecode.swift; path = TransitionTabBarVC.swift; sourceTree = "<group>"; };
		BC7B74E124F894A500913A19 /* TransitionUIKitVC.swift */ = {isa = PBXFileReference; lastKnownFileType = sourcecode.swift; path = TransitionUIKitVC.swift; sourceTree = "<group>"; };
		BC7B74E324F8971200913A19 /* ButtonVC.swift */ = {isa = PBXFileReference; lastKnownFileType = sourcecode.swift; path = ButtonVC.swift; sourceTree = "<group>"; };
		BC7B74E524F8979700913A19 /* RenderInContextVC.swift */ = {isa = PBXFileReference; lastKnownFileType = sourcecode.swift; path = RenderInContextVC.swift; sourceTree = "<group>"; };
		BC7B74E724F89A6600913A19 /* CancellableAnimationVC.swift */ = {isa = PBXFileReference; lastKnownFileType = sourcecode.swift; path = CancellableAnimationVC.swift; sourceTree = "<group>"; };
		BC7B74E924F89C6100913A19 /* TableViewController.swift */ = {isa = PBXFileReference; lastKnownFileType = sourcecode.swift; path = TableViewController.swift; sourceTree = "<group>"; };
		BC7B74EB24F8B25500913A19 /* SwingingDoorVC.swift */ = {isa = PBXFileReference; lastKnownFileType = sourcecode.swift; path = SwingingDoorVC.swift; sourceTree = "<group>"; };
		BC7B74F024F9EFF400913A19 /* TimeOffsetAndSpeedVC.swift */ = {isa = PBXFileReference; lastKnownFileType = sourcecode.swift; path = TimeOffsetAndSpeedVC.swift; sourceTree = "<group>"; };
		BC7B74F224F9F53600913A19 /* PausingAnimationVC.swift */ = {isa = PBXFileReference; lastKnownFileType = sourcecode.swift; path = PausingAnimationVC.swift; sourceTree = "<group>"; };
		C3FE258FCE4E6C6C51C46D7A /* Pods-CATest.release.xcconfig */ = {isa = PBXFileReference; includeInIndex = 1; lastKnownFileType = text.xcconfig; name = "Pods-CATest.release.xcconfig"; path = "Target Support Files/Pods-CATest/Pods-CATest.release.xcconfig"; sourceTree = "<group>"; };
		C8CA5ADF99E786916ACB5C0B /* Pods_CATest.framework */ = {isa = PBXFileReference; explicitFileType = wrapper.framework; includeInIndex = 0; path = Pods_CATest.framework; sourceTree = BUILT_PRODUCTS_DIR; };
/* End PBXFileReference section */

/* Begin PBXFrameworksBuildPhase section */
		BC38250924F6113200DF80DB /* Frameworks */ = {
			isa = PBXFrameworksBuildPhase;
			buildActionMask = 2147483647;
			files = (
				B53C5286AE53020DFC2EE153 /* Pods_CATest.framework in Frameworks */,
			);
			runOnlyForDeploymentPostprocessing = 0;
		};
/* End PBXFrameworksBuildPhase section */

/* Begin PBXGroup section */
		3362504DA290DEE5775F4CBA /* Frameworks */ = {
			isa = PBXGroup;
			children = (
				C8CA5ADF99E786916ACB5C0B /* Pods_CATest.framework */,
			);
			name = Frameworks;
			sourceTree = "<group>";
		};
		6D6909C11878D3697FFC6A95 /* Pods */ = {
			isa = PBXGroup;
			children = (
				69DC3E8BFCB1622B142DB5FB /* Pods-CATest.debug.xcconfig */,
				C3FE258FCE4E6C6C51C46D7A /* Pods-CATest.release.xcconfig */,
			);
			path = Pods;
			sourceTree = "<group>";
		};
		BC38250324F6113200DF80DB = {
			isa = PBXGroup;
			children = (
				BC38250E24F6113200DF80DB /* CATest */,
				BC38250D24F6113200DF80DB /* Products */,
				6D6909C11878D3697FFC6A95 /* Pods */,
				3362504DA290DEE5775F4CBA /* Frameworks */,
			);
			sourceTree = "<group>";
		};
		BC38250D24F6113200DF80DB /* Products */ = {
			isa = PBXGroup;
			children = (
				BC38250C24F6113200DF80DB /* CATest.app */,
			);
			name = Products;
			sourceTree = "<group>";
		};
		BC38250E24F6113200DF80DB /* CATest */ = {
			isa = PBXGroup;
			children = (
				BC38250F24F6113200DF80DB /* AppDelegate.swift */,
				BC38251124F6113200DF80DB /* SceneDelegate.swift */,
				BC7B74CC24F79D3D00913A19 /* Extensions.swift */,
				BC7B74CB24F7958700913A19 /* ViewControllers */,
				BC38251824F6113400DF80DB /* Assets.xcassets */,
				BC38251524F6113200DF80DB /* Main.storyboard */,
				BC38251A24F6113400DF80DB /* LaunchScreen.storyboard */,
				BC38251D24F6113400DF80DB /* Info.plist */,
			);
			path = CATest;
			sourceTree = "<group>";
		};
		BC7B74CB24F7958700913A19 /* ViewControllers */ = {
			isa = PBXGroup;
			children = (
				BC7B74E924F89C6100913A19 /* TableViewController.swift */,
				BC7B74E324F8971200913A19 /* ButtonVC.swift */,
				BC7B74C924F7955300913A19 /* UsingPresentationLayerVC.swift */,
				BC7B74D224F7A4DA00913A19 /* SingleCubeVC.swift */,
				BC38251324F6113200DF80DB /* LayerCustomTranstionVC.swift */,
				BC7B74CE24F79EE800913A19 /* DisableImplicitAnimsVC.swift */,
				BC7B74D024F7A07300913A19 /* CAAnimationDelegateVC.swift */,
				BC7B74D424F7A5C300913A19 /* KeyframeAnimationsVC.swift */,
				BC7B74D624F7A7C200913A19 /* MovingAircraftVC.swift */,
				BC7B74D824F7B02400913A19 /* VirtualPropertyAnimsVC.swift */,
				BC7B74DB24F7D01500913A19 /* AnimationGroupVC.swift */,
				BC7B74DD24F88E3F00913A19 /* TransitionVC.swift */,
				BC7B74DF24F8924D00913A19 /* TransitionTabBarVC.swift */,
				BC7B74E124F894A500913A19 /* TransitionUIKitVC.swift */,
				BC7B74E524F8979700913A19 /* RenderInContextVC.swift */,
				BC7B74E724F89A6600913A19 /* CancellableAnimationVC.swift */,
				BC7B74EB24F8B25500913A19 /* SwingingDoorVC.swift */,
				BC7B74F024F9EFF400913A19 /* TimeOffsetAndSpeedVC.swift */,
				BC7B74F224F9F53600913A19 /* PausingAnimationVC.swift */,
			);
			path = ViewControllers;
			sourceTree = "<group>";
		};
/* End PBXGroup section */

/* Begin PBXNativeTarget section */
		BC38250B24F6113200DF80DB /* CATest */ = {
			isa = PBXNativeTarget;
			buildConfigurationList = BC38252024F6113400DF80DB /* Build configuration list for PBXNativeTarget "CATest" */;
			buildPhases = (
				3901FC12CC5B95E3874C9ADF /* [CP] Check Pods Manifest.lock */,
				BC38250824F6113200DF80DB /* Sources */,
				BC38250924F6113200DF80DB /* Frameworks */,
				BC38250A24F6113200DF80DB /* Resources */,
				CA33F8D1C9017F394E09B59A /* [CP] Embed Pods Frameworks */,
			);
			buildRules = (
			);
			dependencies = (
			);
			name = CATest;
			productName = CATest;
			productReference = BC38250C24F6113200DF80DB /* CATest.app */;
			productType = "com.apple.product-type.application";
		};
/* End PBXNativeTarget section */

/* Begin PBXProject section */
		BC38250424F6113200DF80DB /* Project object */ = {
			isa = PBXProject;
			attributes = {
				LastSwiftUpdateCheck = 1160;
				LastUpgradeCheck = 1160;
				ORGANIZATIONNAME = "Chung Tran";
				TargetAttributes = {
					BC38250B24F6113200DF80DB = {
						CreatedOnToolsVersion = 11.6;
					};
				};
			};
			buildConfigurationList = BC38250724F6113200DF80DB /* Build configuration list for PBXProject "CATest" */;
			compatibilityVersion = "Xcode 9.3";
			developmentRegion = en;
			hasScannedForEncodings = 0;
			knownRegions = (
				en,
				Base,
			);
			mainGroup = BC38250324F6113200DF80DB;
			productRefGroup = BC38250D24F6113200DF80DB /* Products */;
			projectDirPath = "";
			projectRoot = "";
			targets = (
				BC38250B24F6113200DF80DB /* CATest */,
			);
		};
/* End PBXProject section */

/* Begin PBXResourcesBuildPhase section */
		BC38250A24F6113200DF80DB /* Resources */ = {
			isa = PBXResourcesBuildPhase;
			buildActionMask = 2147483647;
			files = (
				BC38251C24F6113400DF80DB /* LaunchScreen.storyboard in Resources */,
				BC38251924F6113400DF80DB /* Assets.xcassets in Resources */,
				BC38251724F6113200DF80DB /* Main.storyboard in Resources */,
			);
			runOnlyForDeploymentPostprocessing = 0;
		};
/* End PBXResourcesBuildPhase section */

/* Begin PBXShellScriptBuildPhase section */
		3901FC12CC5B95E3874C9ADF /* [CP] Check Pods Manifest.lock */ = {
			isa = PBXShellScriptBuildPhase;
			buildActionMask = 2147483647;
			files = (
			);
			inputFileListPaths = (
			);
			inputPaths = (
				"${PODS_PODFILE_DIR_PATH}/Podfile.lock",
				"${PODS_ROOT}/Manifest.lock",
			);
			name = "[CP] Check Pods Manifest.lock";
			outputFileListPaths = (
			);
			outputPaths = (
				"$(DERIVED_FILE_DIR)/Pods-CATest-checkManifestLockResult.txt",
			);
			runOnlyForDeploymentPostprocessing = 0;
			shellPath = /bin/sh;
			shellScript = "diff \"${PODS_PODFILE_DIR_PATH}/Podfile.lock\" \"${PODS_ROOT}/Manifest.lock\" > /dev/null\nif [ $? != 0 ] ; then\n    # print error to STDERR\n    echo \"error: The sandbox is not in sync with the Podfile.lock. Run 'pod install' or update your CocoaPods installation.\" >&2\n    exit 1\nfi\n# This output is used by Xcode 'outputs' to avoid re-running this script phase.\necho \"SUCCESS\" > \"${SCRIPT_OUTPUT_FILE_0}\"\n";
			showEnvVarsInLog = 0;
		};
		CA33F8D1C9017F394E09B59A /* [CP] Embed Pods Frameworks */ = {
			isa = PBXShellScriptBuildPhase;
			buildActionMask = 2147483647;
			files = (
			);
			inputFileListPaths = (
				"${PODS_ROOT}/Target Support Files/Pods-CATest/Pods-CATest-frameworks-${CONFIGURATION}-input-files.xcfilelist",
			);
			name = "[CP] Embed Pods Frameworks";
			outputFileListPaths = (
				"${PODS_ROOT}/Target Support Files/Pods-CATest/Pods-CATest-frameworks-${CONFIGURATION}-output-files.xcfilelist",
			);
			runOnlyForDeploymentPostprocessing = 0;
			shellPath = /bin/sh;
			shellScript = "\"${PODS_ROOT}/Target Support Files/Pods-CATest/Pods-CATest-frameworks.sh\"\n";
			showEnvVarsInLog = 0;
		};
/* End PBXShellScriptBuildPhase section */

/* Begin PBXSourcesBuildPhase section */
		BC38250824F6113200DF80DB /* Sources */ = {
			isa = PBXSourcesBuildPhase;
			buildActionMask = 2147483647;
			files = (
				BC7B74CD24F79D3D00913A19 /* Extensions.swift in Sources */,
				BC38251424F6113200DF80DB /* LayerCustomTranstionVC.swift in Sources */,
				BC38251024F6113200DF80DB /* AppDelegate.swift in Sources */,
				BC7B74E024F8924D00913A19 /* TransitionTabBarVC.swift in Sources */,
				BC7B74DC24F7D01500913A19 /* AnimationGroupVC.swift in Sources */,
				BC7B74D524F7A5C300913A19 /* KeyframeAnimationsVC.swift in Sources */,
				BC7B74EC24F8B25500913A19 /* SwingingDoorVC.swift in Sources */,
				BC7B74E824F89A6600913A19 /* CancellableAnimationVC.swift in Sources */,
				BC7B74CA24F7955300913A19 /* UsingPresentationLayerVC.swift in Sources */,
				BC7B74E224F894A500913A19 /* TransitionUIKitVC.swift in Sources */,
				BC7B74DE24F88E3F00913A19 /* TransitionVC.swift in Sources */,
				BC7B74D124F7A07300913A19 /* CAAnimationDelegateVC.swift in Sources */,
				BC38251224F6113200DF80DB /* SceneDelegate.swift in Sources */,
				BC7B74CF24F79EE800913A19 /* DisableImplicitAnimsVC.swift in Sources */,
				BC7B74F124F9EFF400913A19 /* TimeOffsetAndSpeedVC.swift in Sources */,
				BC7B74F324F9F53600913A19 /* PausingAnimationVC.swift in Sources */,
				BC7B74EA24F89C6100913A19 /* TableViewController.swift in Sources */,
				BC7B74D924F7B02400913A19 /* VirtualPropertyAnimsVC.swift in Sources */,
				BC7B74E624F8979700913A19 /* RenderInContextVC.swift in Sources */,
				BC7B74D724F7A7C200913A19 /* MovingAircraftVC.swift in Sources */,
				BC7B74E424F8971200913A19 /* ButtonVC.swift in Sources */,
				BC7B74D324F7A4DA00913A19 /* SingleCubeVC.swift in Sources */,
			);
			runOnlyForDeploymentPostprocessing = 0;
		};
/* End PBXSourcesBuildPhase section */

/* Begin PBXVariantGroup section */
		BC38251524F6113200DF80DB /* Main.storyboard */ = {
			isa = PBXVariantGroup;
			children = (
				BC38251624F6113200DF80DB /* Base */,
			);
			name = Main.storyboard;
			sourceTree = "<group>";
		};
		BC38251A24F6113400DF80DB /* LaunchScreen.storyboard */ = {
			isa = PBXVariantGroup;
			children = (
				BC38251B24F6113400DF80DB /* Base */,
			);
			name = LaunchScreen.storyboard;
			sourceTree = "<group>";
		};
/* End PBXVariantGroup section */

/* Begin XCBuildConfiguration section */
		BC38251E24F6113400DF80DB /* Debug */ = {
			isa = XCBuildConfiguration;
			buildSettings = {
				ALWAYS_SEARCH_USER_PATHS = NO;
				CLANG_ANALYZER_NONNULL = YES;
				CLANG_ANALYZER_NUMBER_OBJECT_CONVERSION = YES_AGGRESSIVE;
				CLANG_CXX_LANGUAGE_STANDARD = "gnu++14";
				CLANG_CXX_LIBRARY = "libc++";
				CLANG_ENABLE_MODULES = YES;
				CLANG_ENABLE_OBJC_ARC = YES;
				CLANG_ENABLE_OBJC_WEAK = YES;
				CLANG_WARN_BLOCK_CAPTURE_AUTORELEASING = YES;
				CLANG_WARN_BOOL_CONVERSION = YES;
				CLANG_WARN_COMMA = YES;
				CLANG_WARN_CONSTANT_CONVERSION = YES;
				CLANG_WARN_DEPRECATED_OBJC_IMPLEMENTATIONS = YES;
				CLANG_WARN_DIRECT_OBJC_ISA_USAGE = YES_ERROR;
				CLANG_WARN_DOCUMENTATION_COMMENTS = YES;
				CLANG_WARN_EMPTY_BODY = YES;
				CLANG_WARN_ENUM_CONVERSION = YES;
				CLANG_WARN_INFINITE_RECURSION = YES;
				CLANG_WARN_INT_CONVERSION = YES;
				CLANG_WARN_NON_LITERAL_NULL_CONVERSION = YES;
				CLANG_WARN_OBJC_IMPLICIT_RETAIN_SELF = YES;
				CLANG_WARN_OBJC_LITERAL_CONVERSION = YES;
				CLANG_WARN_OBJC_ROOT_CLASS = YES_ERROR;
				CLANG_WARN_RANGE_LOOP_ANALYSIS = YES;
				CLANG_WARN_STRICT_PROTOTYPES = YES;
				CLANG_WARN_SUSPICIOUS_MOVE = YES;
				CLANG_WARN_UNGUARDED_AVAILABILITY = YES_AGGRESSIVE;
				CLANG_WARN_UNREACHABLE_CODE = YES;
				CLANG_WARN__DUPLICATE_METHOD_MATCH = YES;
				COPY_PHASE_STRIP = NO;
				DEBUG_INFORMATION_FORMAT = dwarf;
				ENABLE_STRICT_OBJC_MSGSEND = YES;
				ENABLE_TESTABILITY = YES;
				GCC_C_LANGUAGE_STANDARD = gnu11;
				GCC_DYNAMIC_NO_PIC = NO;
				GCC_NO_COMMON_BLOCKS = YES;
				GCC_OPTIMIZATION_LEVEL = 0;
				GCC_PREPROCESSOR_DEFINITIONS = (
					"DEBUG=1",
					"$(inherited)",
				);
				GCC_WARN_64_TO_32_BIT_CONVERSION = YES;
				GCC_WARN_ABOUT_RETURN_TYPE = YES_ERROR;
				GCC_WARN_UNDECLARED_SELECTOR = YES;
				GCC_WARN_UNINITIALIZED_AUTOS = YES_AGGRESSIVE;
				GCC_WARN_UNUSED_FUNCTION = YES;
				GCC_WARN_UNUSED_VARIABLE = YES;
				IPHONEOS_DEPLOYMENT_TARGET = 13.6;
				MTL_ENABLE_DEBUG_INFO = INCLUDE_SOURCE;
				MTL_FAST_MATH = YES;
				ONLY_ACTIVE_ARCH = YES;
				SDKROOT = iphoneos;
				SWIFT_ACTIVE_COMPILATION_CONDITIONS = DEBUG;
				SWIFT_OPTIMIZATION_LEVEL = "-Onone";
			};
			name = Debug;
		};
		BC38251F24F6113400DF80DB /* Release */ = {
			isa = XCBuildConfiguration;
			buildSettings = {
				ALWAYS_SEARCH_USER_PATHS = NO;
				CLANG_ANALYZER_NONNULL = YES;
				CLANG_ANALYZER_NUMBER_OBJECT_CONVERSION = YES_AGGRESSIVE;
				CLANG_CXX_LANGUAGE_STANDARD = "gnu++14";
				CLANG_CXX_LIBRARY = "libc++";
				CLANG_ENABLE_MODULES = YES;
				CLANG_ENABLE_OBJC_ARC = YES;
				CLANG_ENABLE_OBJC_WEAK = YES;
				CLANG_WARN_BLOCK_CAPTURE_AUTORELEASING = YES;
				CLANG_WARN_BOOL_CONVERSION = YES;
				CLANG_WARN_COMMA = YES;
				CLANG_WARN_CONSTANT_CONVERSION = YES;
				CLANG_WARN_DEPRECATED_OBJC_IMPLEMENTATIONS = YES;
				CLANG_WARN_DIRECT_OBJC_ISA_USAGE = YES_ERROR;
				CLANG_WARN_DOCUMENTATION_COMMENTS = YES;
				CLANG_WARN_EMPTY_BODY = YES;
				CLANG_WARN_ENUM_CONVERSION = YES;
				CLANG_WARN_INFINITE_RECURSION = YES;
				CLANG_WARN_INT_CONVERSION = YES;
				CLANG_WARN_NON_LITERAL_NULL_CONVERSION = YES;
				CLANG_WARN_OBJC_IMPLICIT_RETAIN_SELF = YES;
				CLANG_WARN_OBJC_LITERAL_CONVERSION = YES;
				CLANG_WARN_OBJC_ROOT_CLASS = YES_ERROR;
				CLANG_WARN_RANGE_LOOP_ANALYSIS = YES;
				CLANG_WARN_STRICT_PROTOTYPES = YES;
				CLANG_WARN_SUSPICIOUS_MOVE = YES;
				CLANG_WARN_UNGUARDED_AVAILABILITY = YES_AGGRESSIVE;
				CLANG_WARN_UNREACHABLE_CODE = YES;
				CLANG_WARN__DUPLICATE_METHOD_MATCH = YES;
				COPY_PHASE_STRIP = NO;
				DEBUG_INFORMATION_FORMAT = "dwarf-with-dsym";
				ENABLE_NS_ASSERTIONS = NO;
				ENABLE_STRICT_OBJC_MSGSEND = YES;
				GCC_C_LANGUAGE_STANDARD = gnu11;
				GCC_NO_COMMON_BLOCKS = YES;
				GCC_WARN_64_TO_32_BIT_CONVERSION = YES;
				GCC_WARN_ABOUT_RETURN_TYPE = YES_ERROR;
				GCC_WARN_UNDECLARED_SELECTOR = YES;
				GCC_WARN_UNINITIALIZED_AUTOS = YES_AGGRESSIVE;
				GCC_WARN_UNUSED_FUNCTION = YES;
				GCC_WARN_UNUSED_VARIABLE = YES;
				IPHONEOS_DEPLOYMENT_TARGET = 13.6;
				MTL_ENABLE_DEBUG_INFO = NO;
				MTL_FAST_MATH = YES;
				SDKROOT = iphoneos;
				SWIFT_COMPILATION_MODE = wholemodule;
				SWIFT_OPTIMIZATION_LEVEL = "-O";
				VALIDATE_PRODUCT = YES;
			};
			name = Release;
		};
		BC38252124F6113400DF80DB /* Debug */ = {
			isa = XCBuildConfiguration;
			baseConfigurationReference = 69DC3E8BFCB1622B142DB5FB /* Pods-CATest.debug.xcconfig */;
			buildSettings = {
				ASSETCATALOG_COMPILER_APPICON_NAME = AppIcon;
				CODE_SIGN_STYLE = Automatic;
				INFOPLIST_FILE = CATest/Info.plist;
				LD_RUNPATH_SEARCH_PATHS = (
					"$(inherited)",
					"@executable_path/Frameworks",
				);
				PRODUCT_BUNDLE_IDENTIFIER = info.bigears.CATest;
				PRODUCT_NAME = "$(TARGET_NAME)";
				SWIFT_VERSION = 5.0;
				TARGETED_DEVICE_FAMILY = "1,2";
			};
			name = Debug;
		};
		BC38252224F6113400DF80DB /* Release */ = {
			isa = XCBuildConfiguration;
			baseConfigurationReference = C3FE258FCE4E6C6C51C46D7A /* Pods-CATest.release.xcconfig */;
			buildSettings = {
				ASSETCATALOG_COMPILER_APPICON_NAME = AppIcon;
				CODE_SIGN_STYLE = Automatic;
				INFOPLIST_FILE = CATest/Info.plist;
				LD_RUNPATH_SEARCH_PATHS = (
					"$(inherited)",
					"@executable_path/Frameworks",
				);
				PRODUCT_BUNDLE_IDENTIFIER = info.bigears.CATest;
				PRODUCT_NAME = "$(TARGET_NAME)";
				SWIFT_VERSION = 5.0;
				TARGETED_DEVICE_FAMILY = "1,2";
			};
			name = Release;
		};
/* End XCBuildConfiguration section */

/* Begin XCConfigurationList section */
		BC38250724F6113200DF80DB /* Build configuration list for PBXProject "CATest" */ = {
			isa = XCConfigurationList;
			buildConfigurations = (
				BC38251E24F6113400DF80DB /* Debug */,
				BC38251F24F6113400DF80DB /* Release */,
			);
			defaultConfigurationIsVisible = 0;
			defaultConfigurationName = Release;
		};
		BC38252024F6113400DF80DB /* Build configuration list for PBXNativeTarget "CATest" */ = {
			isa = XCConfigurationList;
			buildConfigurations = (
				BC38252124F6113400DF80DB /* Debug */,
				BC38252224F6113400DF80DB /* Release */,
			);
			defaultConfigurationIsVisible = 0;
			defaultConfigurationName = Release;
		};
/* End XCConfigurationList section */
	};
	rootObject = BC38250424F6113200DF80DB /* Project object */;
}
