// !$*UTF8*$!
{
	archiveVersion = 1;
	classes = {
	};
	objectVersion = 51;
	objects = {

/* Begin PBXBuildFile section */
		B53C5286AE53020DFC2EE153 /* Pods_CATest.framework in Frameworks */ = {isa = PBXBuildFile; fileRef = C8CA5ADF99E786916ACB5C0B /* Pods_CATest.framework */; };
		BC27040C2500DBDC0042A29B /* VinylPlayerVC.swift in Sources */ = {isa = PBXBuildFile; fileRef = BC27040B2500DBDC0042A29B /* VinylPlayerVC.swift */; };
		BC27040E2500E7890042A29B /* VinylSongDetailVC.swift in Sources */ = {isa = PBXBuildFile; fileRef = BC27040D2500E7890042A29B /* VinylSongDetailVC.swift */; };
		BC38251024F6113200DF80DB /* AppDelegate.swift in Sources */ = {isa = PBXBuildFile; fileRef = BC38250F24F6113200DF80DB /* AppDelegate.swift */; };
		BC38251224F6113200DF80DB /* SceneDelegate.swift in Sources */ = {isa = PBXBuildFile; fileRef = BC38251124F6113200DF80DB /* SceneDelegate.swift */; };
		BC38251424F6113200DF80DB /* LayerCustomTranstionVC.swift in Sources */ = {isa = PBXBuildFile; fileRef = BC38251324F6113200DF80DB /* LayerCustomTranstionVC.swift */; };
		BC38251724F6113200DF80DB /* Main.storyboard in Resources */ = {isa = PBXBuildFile; fileRef = BC38251524F6113200DF80DB /* Main.storyboard */; };
		BC38251924F6113400DF80DB /* Assets.xcassets in Resources */ = {isa = PBXBuildFile; fileRef = BC38251824F6113400DF80DB /* Assets.xcassets */; };
		BC38251C24F6113400DF80DB /* LaunchScreen.storyboard in Resources */ = {isa = PBXBuildFile; fileRef = BC38251A24F6113400DF80DB /* LaunchScreen.storyboard */; };
		BC457A7E2503463F00B0B0F9 /* ConstraintAnimationVC.swift in Sources */ = {isa = PBXBuildFile; fileRef = BC457A7D2503463F00B0B0F9 /* ConstraintAnimationVC.swift */; };
		BC457A80250349C500B0B0F9 /* ExpandableListVC.swift in Sources */ = {isa = PBXBuildFile; fileRef = BC457A7F250349C500B0B0F9 /* ExpandableListVC.swift */; };
		BC7B74CA24F7955300913A19 /* UsingPresentationLayerVC.swift in Sources */ = {isa = PBXBuildFile; fileRef = BC7B74C924F7955300913A19 /* UsingPresentationLayerVC.swift */; };
		BC7B74CD24F79D3D00913A19 /* Extensions.swift in Sources */ = {isa = PBXBuildFile; fileRef = BC7B74CC24F79D3D00913A19 /* Extensions.swift */; };
		BC7B74CF24F79EE800913A19 /* DisableImplicitAnimsVC.swift in Sources */ = {isa = PBXBuildFile; fileRef = BC7B74CE24F79EE800913A19 /* DisableImplicitAnimsVC.swift */; };
		BC7B74D124F7A07300913A19 /* CAAnimationDelegateVC.swift in Sources */ = {isa = PBXBuildFile; fileRef = BC7B74D024F7A07300913A19 /* CAAnimationDelegateVC.swift */; };
		BC7B74D324F7A4DA00913A19 /* SingleCubeVC.swift in Sources */ = {isa = PBXBuildFile; fileRef = BC7B74D224F7A4DA00913A19 /* SingleCubeVC.swift */; };
		BC7B74D524F7A5C300913A19 /* KeyframeAnimationsVC.swift in Sources */ = {isa = PBXBuildFile; fileRef = BC7B74D424F7A5C300913A19 /* KeyframeAnimationsVC.swift */; };
		BC7B74D724F7A7C200913A19 /* MovingAircraftVC.swift in Sources */ = {isa = PBXBuildFile; fileRef = BC7B74D624F7A7C200913A19 /* MovingAircraftVC.swift */; };
		BC7B74D924F7B02400913A19 /* VirtualPropertyAnimsVC.swift in Sources */ = {isa = PBXBuildFile; fileRef = BC7B74D824F7B02400913A19 /* VirtualPropertyAnimsVC.swift */; };
		BC7B74DC24F7D01500913A19 /* AnimationGroupVC.swift in Sources */ = {isa = PBXBuildFile; fileRef = BC7B74DB24F7D01500913A19 /* AnimationGroupVC.swift */; };
		BC7B74DE24F88E3F00913A19 /* TransitionVC.swift in Sources */ = {isa = PBXBuildFile; fileRef = BC7B74DD24F88E3F00913A19 /* TransitionVC.swift */; };
		BC7B74E024F8924D00913A19 /* TransitionTabBarVC.swift in Sources */ = {isa = PBXBuildFile; fileRef = BC7B74DF24F8924D00913A19 /* TransitionTabBarVC.swift */; };
		BC7B74E224F894A500913A19 /* TransitionUIKitVC.swift in Sources */ = {isa = PBXBuildFile; fileRef = BC7B74E124F894A500913A19 /* TransitionUIKitVC.swift */; };
		BC7B74E424F8971200913A19 /* ButtonVC.swift in Sources */ = {isa = PBXBuildFile; fileRef = BC7B74E324F8971200913A19 /* ButtonVC.swift */; };
		BC7B74E624F8979700913A19 /* RenderInContextVC.swift in Sources */ = {isa = PBXBuildFile; fileRef = BC7B74E524F8979700913A19 /* RenderInContextVC.swift */; };
		BC7B74E824F89A6600913A19 /* CancellableAnimationVC.swift in Sources */ = {isa = PBXBuildFile; fileRef = BC7B74E724F89A6600913A19 /* CancellableAnimationVC.swift */; };
		BC7B74EA24F89C6100913A19 /* TableViewController.swift in Sources */ = {isa = PBXBuildFile; fileRef = BC7B74E924F89C6100913A19 /* TableViewController.swift */; };
		BC7B74EC24F8B25500913A19 /* SwingingDoorVC.swift in Sources */ = {isa = PBXBuildFile; fileRef = BC7B74EB24F8B25500913A19 /* SwingingDoorVC.swift */; };
		BC7B74F124F9EFF400913A19 /* TimeOffsetAndSpeedVC.swift in Sources */ = {isa = PBXBuildFile; fileRef = BC7B74F024F9EFF400913A19 /* TimeOffsetAndSpeedVC.swift */; };
		BC7B74F324F9F53600913A19 /* PausingAnimationVC.swift in Sources */ = {isa = PBXBuildFile; fileRef = BC7B74F224F9F53600913A19 /* PausingAnimationVC.swift */; };
		BCACA37025022972004D8DC1 /* SplashRevealVC.swift in Sources */ = {isa = PBXBuildFile; fileRef = BCACA36F25022972004D8DC1 /* SplashRevealVC.swift */; };
		BCACA37625032D48004D8DC1 /* BaseViewController.swift in Sources */ = {isa = PBXBuildFile; fileRef = BCACA37525032D48004D8DC1 /* BaseViewController.swift */; };
		BCACA38025033328004D8DC1 /* UIViewPropertyAnimatorVC.swift in Sources */ = {isa = PBXBuildFile; fileRef = BCACA37F25033328004D8DC1 /* UIViewPropertyAnimatorVC.swift */; };
		BCACA382250337A3004D8DC1 /* UIViewPropertyAnimatorKeyframesVC.swift in Sources */ = {isa = PBXBuildFile; fileRef = BCACA381250337A3004D8DC1 /* UIViewPropertyAnimatorKeyframesVC.swift */; };
		BCACA384250337F5004D8DC1 /* AnimatorFactory.swift in Sources */ = {isa = PBXBuildFile; fileRef = BCACA383250337F5004D8DC1 /* AnimatorFactory.swift */; };
		BCACA38625033AB7004D8DC1 /* BlurAnimationVC.swift in Sources */ = {isa = PBXBuildFile; fileRef = BCACA38525033AB7004D8DC1 /* BlurAnimationVC.swift */; };
		BCACA38825033B7A004D8DC1 /* CenteredImageViewVC.swift in Sources */ = {isa = PBXBuildFile; fileRef = BCACA38725033B7A004D8DC1 /* CenteredImageViewVC.swift */; };
		BCACA38A25034188004D8DC1 /* SpringAnimatorVC.swift in Sources */ = {isa = PBXBuildFile; fileRef = BCACA38925034188004D8DC1 /* SpringAnimatorVC.swift */; };
		BCC60A9B24FF7B02003B094C /* Vacation Photos in Resources */ = {isa = PBXBuildFile; fileRef = BCC60A9A24FF7B02003B094C /* Vacation Photos */; };
		BCC60A9E24FF7B31003B094C /* ImageCarouselVC.swift in Sources */ = {isa = PBXBuildFile; fileRef = BCC60A9D24FF7B31003B094C /* ImageCarouselVC.swift */; };
		BCC60AA124FF8C5D003B094C /* CrossfadingAnimationVC.swift in Sources */ = {isa = PBXBuildFile; fileRef = BCC60AA024FF8C5D003B094C /* CrossfadingAnimationVC.swift */; };
		BCC60AA424FF908F003B094C /* ViewAnimationVC.swift in Sources */ = {isa = PBXBuildFile; fileRef = BCC60AA324FF908F003B094C /* ViewAnimationVC.swift */; };
		BCC60AA624FF940D003B094C /* CubeTransitionVC.swift in Sources */ = {isa = PBXBuildFile; fileRef = BCC60AA524FF940D003B094C /* CubeTransitionVC.swift */; };
		BCC60AA824FF9BDC003B094C /* ViewKeyframeAnimationVC.swift in Sources */ = {isa = PBXBuildFile; fileRef = BCC60AA724FF9BDC003B094C /* ViewKeyframeAnimationVC.swift */; };
		BCED3FB724FB64BE00187CF4 /* EasingAnimationVC.swift in Sources */ = {isa = PBXBuildFile; fileRef = BCED3FB624FB64BE00187CF4 /* EasingAnimationVC.swift */; };
		BCED3FB924FB669700187CF4 /* EasingKeyframeAnimationVC.swift in Sources */ = {isa = PBXBuildFile; fileRef = BCED3FB824FB669700187CF4 /* EasingKeyframeAnimationVC.swift */; };
		BCED3FBB24FB6B1800187CF4 /* ClockVC.swift in Sources */ = {isa = PBXBuildFile; fileRef = BCED3FBA24FB6B1800187CF4 /* ClockVC.swift */; };
		BCED3FBD24FB883A00187CF4 /* BoucingBallVC.swift in Sources */ = {isa = PBXBuildFile; fileRef = BCED3FBC24FB883A00187CF4 /* BoucingBallVC.swift */; };
		BCED3FC724FDF06600187CF4 /* BouncingBall2VC.swift in Sources */ = {isa = PBXBuildFile; fileRef = BCED3FC624FDF06600187CF4 /* BouncingBall2VC.swift */; };
		BCED3FC924FDF3F000187CF4 /* BouncingFunctionVC.swift in Sources */ = {isa = PBXBuildFile; fileRef = BCED3FC824FDF3F000187CF4 /* BouncingFunctionVC.swift */; };
		BCED3FCB24FE54B300187CF4 /* BouncingBallTimer.swift in Sources */ = {isa = PBXBuildFile; fileRef = BCED3FCA24FE54B300187CF4 /* BouncingBallTimer.swift */; };
		BCED3FCD24FE588700187CF4 /* BouncingBallCADisplayLinkVC.swift in Sources */ = {isa = PBXBuildFile; fileRef = BCED3FCC24FE588700187CF4 /* BouncingBallCADisplayLinkVC.swift */; };
		BCED3FCF24FE605100187CF4 /* CustomDrawingVC.swift in Sources */ = {isa = PBXBuildFile; fileRef = BCED3FCE24FE605100187CF4 /* CustomDrawingVC.swift */; };
		BCED3FD124FE6E3800187CF4 /* ChalkBoardVC.swift in Sources */ = {isa = PBXBuildFile; fileRef = BCED3FD024FE6E3800187CF4 /* ChalkBoardVC.swift */; };
		BCED3FD324FE6FA500187CF4 /* ChalkBoardReducingDrawingVC.swift in Sources */ = {isa = PBXBuildFile; fileRef = BCED3FD224FE6FA500187CF4 /* ChalkBoardReducingDrawingVC.swift */; };
/* End PBXBuildFile section */

/* Begin PBXFileReference section */
		69DC3E8BFCB1622B142DB5FB /* Pods-CATest.debug.xcconfig */ = {isa = PBXFileReference; includeInIndex = 1; lastKnownFileType = text.xcconfig; name = "Pods-CATest.debug.xcconfig"; path = "Target Support Files/Pods-CATest/Pods-CATest.debug.xcconfig"; sourceTree = "<group>"; };
		BC27040B2500DBDC0042A29B /* VinylPlayerVC.swift */ = {isa = PBXFileReference; lastKnownFileType = sourcecode.swift; path = VinylPlayerVC.swift; sourceTree = "<group>"; };
		BC27040D2500E7890042A29B /* VinylSongDetailVC.swift */ = {isa = PBXFileReference; lastKnownFileType = sourcecode.swift; path = VinylSongDetailVC.swift; sourceTree = "<group>"; };
		BC38250C24F6113200DF80DB /* CATest.app */ = {isa = PBXFileReference; explicitFileType = wrapper.application; includeInIndex = 0; path = CATest.app; sourceTree = BUILT_PRODUCTS_DIR; };
		BC38250F24F6113200DF80DB /* AppDelegate.swift */ = {isa = PBXFileReference; lastKnownFileType = sourcecode.swift; path = AppDelegate.swift; sourceTree = "<group>"; };
		BC38251124F6113200DF80DB /* SceneDelegate.swift */ = {isa = PBXFileReference; lastKnownFileType = sourcecode.swift; path = SceneDelegate.swift; sourceTree = "<group>"; };
		BC38251324F6113200DF80DB /* LayerCustomTranstionVC.swift */ = {isa = PBXFileReference; lastKnownFileType = sourcecode.swift; path = LayerCustomTranstionVC.swift; sourceTree = "<group>"; };
		BC38251624F6113200DF80DB /* Base */ = {isa = PBXFileReference; lastKnownFileType = file.storyboard; name = Base; path = Base.lproj/Main.storyboard; sourceTree = "<group>"; };
		BC38251824F6113400DF80DB /* Assets.xcassets */ = {isa = PBXFileReference; lastKnownFileType = folder.assetcatalog; path = Assets.xcassets; sourceTree = "<group>"; };
		BC38251B24F6113400DF80DB /* Base */ = {isa = PBXFileReference; lastKnownFileType = file.storyboard; name = Base; path = Base.lproj/LaunchScreen.storyboard; sourceTree = "<group>"; };
		BC38251D24F6113400DF80DB /* Info.plist */ = {isa = PBXFileReference; lastKnownFileType = text.plist.xml; path = Info.plist; sourceTree = "<group>"; };
		BC457A7D2503463F00B0B0F9 /* ConstraintAnimationVC.swift */ = {isa = PBXFileReference; lastKnownFileType = sourcecode.swift; path = ConstraintAnimationVC.swift; sourceTree = "<group>"; };
		BC457A7F250349C500B0B0F9 /* ExpandableListVC.swift */ = {isa = PBXFileReference; lastKnownFileType = sourcecode.swift; path = ExpandableListVC.swift; sourceTree = "<group>"; };
		BC7B74C924F7955300913A19 /* UsingPresentationLayerVC.swift */ = {isa = PBXFileReference; lastKnownFileType = sourcecode.swift; path = UsingPresentationLayerVC.swift; sourceTree = "<group>"; };
		BC7B74CC24F79D3D00913A19 /* Extensions.swift */ = {isa = PBXFileReference; lastKnownFileType = sourcecode.swift; path = Extensions.swift; sourceTree = "<group>"; };
		BC7B74CE24F79EE800913A19 /* DisableImplicitAnimsVC.swift */ = {isa = PBXFileReference; lastKnownFileType = sourcecode.swift; path = DisableImplicitAnimsVC.swift; sourceTree = "<group>"; };
		BC7B74D024F7A07300913A19 /* CAAnimationDelegateVC.swift */ = {isa = PBXFileReference; lastKnownFileType = sourcecode.swift; path = CAAnimationDelegateVC.swift; sourceTree = "<group>"; };
		BC7B74D224F7A4DA00913A19 /* SingleCubeVC.swift */ = {isa = PBXFileReference; lastKnownFileType = sourcecode.swift; path = SingleCubeVC.swift; sourceTree = "<group>"; };
		BC7B74D424F7A5C300913A19 /* KeyframeAnimationsVC.swift */ = {isa = PBXFileReference; lastKnownFileType = sourcecode.swift; path = KeyframeAnimationsVC.swift; sourceTree = "<group>"; };
		BC7B74D624F7A7C200913A19 /* MovingAircraftVC.swift */ = {isa = PBXFileReference; lastKnownFileType = sourcecode.swift; path = MovingAircraftVC.swift; sourceTree = "<group>"; };
		BC7B74D824F7B02400913A19 /* VirtualPropertyAnimsVC.swift */ = {isa = PBXFileReference; lastKnownFileType = sourcecode.swift; path = VirtualPropertyAnimsVC.swift; sourceTree = "<group>"; };
		BC7B74DB24F7D01500913A19 /* AnimationGroupVC.swift */ = {isa = PBXFileReference; lastKnownFileType = sourcecode.swift; path = AnimationGroupVC.swift; sourceTree = "<group>"; };
		BC7B74DD24F88E3F00913A19 /* TransitionVC.swift */ = {isa = PBXFileReference; lastKnownFileType = sourcecode.swift; path = TransitionVC.swift; sourceTree = "<group>"; };
		BC7B74DF24F8924D00913A19 /* TransitionTabBarVC.swift */ = {isa = PBXFileReference; lastKnownFileType = sourcecode.swift; path = TransitionTabBarVC.swift; sourceTree = "<group>"; };
		BC7B74E124F894A500913A19 /* TransitionUIKitVC.swift */ = {isa = PBXFileReference; lastKnownFileType = sourcecode.swift; path = TransitionUIKitVC.swift; sourceTree = "<group>"; };
		BC7B74E324F8971200913A19 /* ButtonVC.swift */ = {isa = PBXFileReference; lastKnownFileType = sourcecode.swift; path = ButtonVC.swift; sourceTree = "<group>"; };
		BC7B74E524F8979700913A19 /* RenderInContextVC.swift */ = {isa = PBXFileReference; lastKnownFileType = sourcecode.swift; path = RenderInContextVC.swift; sourceTree = "<group>"; };
		BC7B74E724F89A6600913A19 /* CancellableAnimationVC.swift */ = {isa = PBXFileReference; lastKnownFileType = sourcecode.swift; path = CancellableAnimationVC.swift; sourceTree = "<group>"; };
		BC7B74E924F89C6100913A19 /* TableViewController.swift */ = {isa = PBXFileReference; lastKnownFileType = sourcecode.swift; path = TableViewController.swift; sourceTree = "<group>"; };
		BC7B74EB24F8B25500913A19 /* SwingingDoorVC.swift */ = {isa = PBXFileReference; lastKnownFileType = sourcecode.swift; path = SwingingDoorVC.swift; sourceTree = "<group>"; };
		BC7B74F024F9EFF400913A19 /* TimeOffsetAndSpeedVC.swift */ = {isa = PBXFileReference; lastKnownFileType = sourcecode.swift; path = TimeOffsetAndSpeedVC.swift; sourceTree = "<group>"; };
		BC7B74F224F9F53600913A19 /* PausingAnimationVC.swift */ = {isa = PBXFileReference; lastKnownFileType = sourcecode.swift; path = PausingAnimationVC.swift; sourceTree = "<group>"; };
		BCACA36F25022972004D8DC1 /* SplashRevealVC.swift */ = {isa = PBXFileReference; lastKnownFileType = sourcecode.swift; path = SplashRevealVC.swift; sourceTree = "<group>"; };
		BCACA37525032D48004D8DC1 /* BaseViewController.swift */ = {isa = PBXFileReference; lastKnownFileType = sourcecode.swift; path = BaseViewController.swift; sourceTree = "<group>"; };
		BCACA37F25033328004D8DC1 /* UIViewPropertyAnimatorVC.swift */ = {isa = PBXFileReference; lastKnownFileType = sourcecode.swift; path = UIViewPropertyAnimatorVC.swift; sourceTree = "<group>"; };
		BCACA381250337A3004D8DC1 /* UIViewPropertyAnimatorKeyframesVC.swift */ = {isa = PBXFileReference; lastKnownFileType = sourcecode.swift; path = UIViewPropertyAnimatorKeyframesVC.swift; sourceTree = "<group>"; };
		BCACA383250337F5004D8DC1 /* AnimatorFactory.swift */ = {isa = PBXFileReference; fileEncoding = 4; lastKnownFileType = sourcecode.swift; path = AnimatorFactory.swift; sourceTree = "<group>"; };
		BCACA38525033AB7004D8DC1 /* BlurAnimationVC.swift */ = {isa = PBXFileReference; lastKnownFileType = sourcecode.swift; path = BlurAnimationVC.swift; sourceTree = "<group>"; };
		BCACA38725033B7A004D8DC1 /* CenteredImageViewVC.swift */ = {isa = PBXFileReference; lastKnownFileType = sourcecode.swift; path = CenteredImageViewVC.swift; sourceTree = "<group>"; };
		BCACA38925034188004D8DC1 /* SpringAnimatorVC.swift */ = {isa = PBXFileReference; lastKnownFileType = sourcecode.swift; path = SpringAnimatorVC.swift; sourceTree = "<group>"; };
		BCC60A9A24FF7B02003B094C /* Vacation Photos */ = {isa = PBXFileReference; lastKnownFileType = folder; path = "Vacation Photos"; sourceTree = "<group>"; };
		BCC60A9D24FF7B31003B094C /* ImageCarouselVC.swift */ = {isa = PBXFileReference; lastKnownFileType = sourcecode.swift; path = ImageCarouselVC.swift; sourceTree = "<group>"; };
		BCC60AA024FF8C5D003B094C /* CrossfadingAnimationVC.swift */ = {isa = PBXFileReference; lastKnownFileType = sourcecode.swift; path = CrossfadingAnimationVC.swift; sourceTree = "<group>"; };
		BCC60AA324FF908F003B094C /* ViewAnimationVC.swift */ = {isa = PBXFileReference; lastKnownFileType = sourcecode.swift; path = ViewAnimationVC.swift; sourceTree = "<group>"; };
		BCC60AA524FF940D003B094C /* CubeTransitionVC.swift */ = {isa = PBXFileReference; lastKnownFileType = sourcecode.swift; path = CubeTransitionVC.swift; sourceTree = "<group>"; };
		BCC60AA724FF9BDC003B094C /* ViewKeyframeAnimationVC.swift */ = {isa = PBXFileReference; lastKnownFileType = sourcecode.swift; path = ViewKeyframeAnimationVC.swift; sourceTree = "<group>"; };
		BCED3FB624FB64BE00187CF4 /* EasingAnimationVC.swift */ = {isa = PBXFileReference; lastKnownFileType = sourcecode.swift; path = EasingAnimationVC.swift; sourceTree = "<group>"; };
		BCED3FB824FB669700187CF4 /* EasingKeyframeAnimationVC.swift */ = {isa = PBXFileReference; lastKnownFileType = sourcecode.swift; path = EasingKeyframeAnimationVC.swift; sourceTree = "<group>"; };
		BCED3FBA24FB6B1800187CF4 /* ClockVC.swift */ = {isa = PBXFileReference; lastKnownFileType = sourcecode.swift; path = ClockVC.swift; sourceTree = "<group>"; };
		BCED3FBC24FB883A00187CF4 /* BoucingBallVC.swift */ = {isa = PBXFileReference; lastKnownFileType = sourcecode.swift; path = BoucingBallVC.swift; sourceTree = "<group>"; };
		BCED3FC624FDF06600187CF4 /* BouncingBall2VC.swift */ = {isa = PBXFileReference; lastKnownFileType = sourcecode.swift; path = BouncingBall2VC.swift; sourceTree = "<group>"; };
		BCED3FC824FDF3F000187CF4 /* BouncingFunctionVC.swift */ = {isa = PBXFileReference; lastKnownFileType = sourcecode.swift; path = BouncingFunctionVC.swift; sourceTree = "<group>"; };
		BCED3FCA24FE54B300187CF4 /* BouncingBallTimer.swift */ = {isa = PBXFileReference; lastKnownFileType = sourcecode.swift; path = BouncingBallTimer.swift; sourceTree = "<group>"; };
		BCED3FCC24FE588700187CF4 /* BouncingBallCADisplayLinkVC.swift */ = {isa = PBXFileReference; lastKnownFileType = sourcecode.swift; path = BouncingBallCADisplayLinkVC.swift; sourceTree = "<group>"; };
		BCED3FCE24FE605100187CF4 /* CustomDrawingVC.swift */ = {isa = PBXFileReference; lastKnownFileType = sourcecode.swift; path = CustomDrawingVC.swift; sourceTree = "<group>"; };
		BCED3FD024FE6E3800187CF4 /* ChalkBoardVC.swift */ = {isa = PBXFileReference; lastKnownFileType = sourcecode.swift; path = ChalkBoardVC.swift; sourceTree = "<group>"; };
		BCED3FD224FE6FA500187CF4 /* ChalkBoardReducingDrawingVC.swift */ = {isa = PBXFileReference; lastKnownFileType = sourcecode.swift; path = ChalkBoardReducingDrawingVC.swift; sourceTree = "<group>"; };
		C3FE258FCE4E6C6C51C46D7A /* Pods-CATest.release.xcconfig */ = {isa = PBXFileReference; includeInIndex = 1; lastKnownFileType = text.xcconfig; name = "Pods-CATest.release.xcconfig"; path = "Target Support Files/Pods-CATest/Pods-CATest.release.xcconfig"; sourceTree = "<group>"; };
		C8CA5ADF99E786916ACB5C0B /* Pods_CATest.framework */ = {isa = PBXFileReference; explicitFileType = wrapper.framework; includeInIndex = 0; path = Pods_CATest.framework; sourceTree = BUILT_PRODUCTS_DIR; };
/* End PBXFileReference section */

/* Begin PBXFrameworksBuildPhase section */
		BC38250924F6113200DF80DB /* Frameworks */ = {
			isa = PBXFrameworksBuildPhase;
			buildActionMask = 2147483647;
			files = (
				B53C5286AE53020DFC2EE153 /* Pods_CATest.framework in Frameworks */,
			);
			runOnlyForDeploymentPostprocessing = 0;
		};
/* End PBXFrameworksBuildPhase section */

/* Begin PBXGroup section */
		3362504DA290DEE5775F4CBA /* Frameworks */ = {
			isa = PBXGroup;
			children = (
				C8CA5ADF99E786916ACB5C0B /* Pods_CATest.framework */,
			);
			name = Frameworks;
			sourceTree = "<group>";
		};
		6D6909C11878D3697FFC6A95 /* Pods */ = {
			isa = PBXGroup;
			children = (
				69DC3E8BFCB1622B142DB5FB /* Pods-CATest.debug.xcconfig */,
				C3FE258FCE4E6C6C51C46D7A /* Pods-CATest.release.xcconfig */,
			);
			path = Pods;
			sourceTree = "<group>";
		};
		BC27040A2500DBC20042A29B /* ViewControllerTransition */ = {
			isa = PBXGroup;
			children = (
				BC27040B2500DBDC0042A29B /* VinylPlayerVC.swift */,
				BC27040D2500E7890042A29B /* VinylSongDetailVC.swift */,
				BCACA36F25022972004D8DC1 /* SplashRevealVC.swift */,
			);
			path = ViewControllerTransition;
			sourceTree = "<group>";
		};
		BC38250324F6113200DF80DB = {
			isa = PBXGroup;
			children = (
				BC38250E24F6113200DF80DB /* CATest */,
				BC38250D24F6113200DF80DB /* Products */,
				6D6909C11878D3697FFC6A95 /* Pods */,
				3362504DA290DEE5775F4CBA /* Frameworks */,
			);
			sourceTree = "<group>";
		};
		BC38250D24F6113200DF80DB /* Products */ = {
			isa = PBXGroup;
			children = (
				BC38250C24F6113200DF80DB /* CATest.app */,
			);
			name = Products;
			sourceTree = "<group>";
		};
		BC38250E24F6113200DF80DB /* CATest */ = {
			isa = PBXGroup;
			children = (
				BCC60A9A24FF7B02003B094C /* Vacation Photos */,
				BC38250F24F6113200DF80DB /* AppDelegate.swift */,
				BC38251124F6113200DF80DB /* SceneDelegate.swift */,
				BC7B74CC24F79D3D00913A19 /* Extensions.swift */,
				BC7B74CB24F7958700913A19 /* ViewControllers */,
				BC38251824F6113400DF80DB /* Assets.xcassets */,
				BC38251524F6113200DF80DB /* Main.storyboard */,
				BC38251A24F6113400DF80DB /* LaunchScreen.storyboard */,
				BC38251D24F6113400DF80DB /* Info.plist */,
			);
			path = CATest;
			sourceTree = "<group>";
		};
		BC7B74CB24F7958700913A19 /* ViewControllers */ = {
			isa = PBXGroup;
			children = (
				BCACA37525032D48004D8DC1 /* BaseViewController.swift */,
				BC7B74E924F89C6100913A19 /* TableViewController.swift */,
				BCACA38725033B7A004D8DC1 /* CenteredImageViewVC.swift */,
				BCACA37E25033306004D8DC1 /* UIViewPropertyAnimatorIOS10 */,
				BC27040A2500DBC20042A29B /* ViewControllerTransition */,
				BCC60A9F24FF8C1C003B094C /* UIViewAnimations */,
				BCC60AA224FF8E0E003B094C /* LayerAnimations */,
			);
			path = ViewControllers;
			sourceTree = "<group>";
		};
		BCACA37E25033306004D8DC1 /* UIViewPropertyAnimatorIOS10 */ = {
			isa = PBXGroup;
			children = (
				BCACA383250337F5004D8DC1 /* AnimatorFactory.swift */,
				BCACA37F25033328004D8DC1 /* UIViewPropertyAnimatorVC.swift */,
				BCACA381250337A3004D8DC1 /* UIViewPropertyAnimatorKeyframesVC.swift */,
				BCACA38525033AB7004D8DC1 /* BlurAnimationVC.swift */,
				BCACA38925034188004D8DC1 /* SpringAnimatorVC.swift */,
				BC457A7D2503463F00B0B0F9 /* ConstraintAnimationVC.swift */,
				BC457A7F250349C500B0B0F9 /* ExpandableListVC.swift */,
			);
			path = UIViewPropertyAnimatorIOS10;
			sourceTree = "<group>";
		};
		BCC60A9C24FF7B17003B094C /* ImageProccessing */ = {
			isa = PBXGroup;
			children = (
				BCC60A9D24FF7B31003B094C /* ImageCarouselVC.swift */,
			);
			path = ImageProccessing;
			sourceTree = "<group>";
		};
		BCC60A9F24FF8C1C003B094C /* UIViewAnimations */ = {
			isa = PBXGroup;
			children = (
				BCC60AA324FF908F003B094C /* ViewAnimationVC.swift */,
				BCC60AA024FF8C5D003B094C /* CrossfadingAnimationVC.swift */,
				BCC60AA524FF940D003B094C /* CubeTransitionVC.swift */,
				BCC60AA724FF9BDC003B094C /* ViewKeyframeAnimationVC.swift */,
			);
			path = UIViewAnimations;
			sourceTree = "<group>";
		};
		BCC60AA224FF8E0E003B094C /* LayerAnimations */ = {
			isa = PBXGroup;
			children = (
				BC7B74E324F8971200913A19 /* ButtonVC.swift */,
				BC7B74C924F7955300913A19 /* UsingPresentationLayerVC.swift */,
				BC7B74D224F7A4DA00913A19 /* SingleCubeVC.swift */,
				BC38251324F6113200DF80DB /* LayerCustomTranstionVC.swift */,
				BC7B74CE24F79EE800913A19 /* DisableImplicitAnimsVC.swift */,
				BC7B74D024F7A07300913A19 /* CAAnimationDelegateVC.swift */,
				BC7B74D424F7A5C300913A19 /* KeyframeAnimationsVC.swift */,
				BC7B74D624F7A7C200913A19 /* MovingAircraftVC.swift */,
				BC7B74D824F7B02400913A19 /* VirtualPropertyAnimsVC.swift */,
				BC7B74DB24F7D01500913A19 /* AnimationGroupVC.swift */,
				BC7B74DD24F88E3F00913A19 /* TransitionVC.swift */,
				BC7B74DF24F8924D00913A19 /* TransitionTabBarVC.swift */,
				BC7B74E124F894A500913A19 /* TransitionUIKitVC.swift */,
				BC7B74E524F8979700913A19 /* RenderInContextVC.swift */,
				BC7B74E724F89A6600913A19 /* CancellableAnimationVC.swift */,
				BC7B74EB24F8B25500913A19 /* SwingingDoorVC.swift */,
				BC7B74F024F9EFF400913A19 /* TimeOffsetAndSpeedVC.swift */,
				BC7B74F224F9F53600913A19 /* PausingAnimationVC.swift */,
				BCED3FB624FB64BE00187CF4 /* EasingAnimationVC.swift */,
				BCED3FB824FB669700187CF4 /* EasingKeyframeAnimationVC.swift */,
				BCED3FBA24FB6B1800187CF4 /* ClockVC.swift */,
				BCED3FBC24FB883A00187CF4 /* BoucingBallVC.swift */,
				BCED3FC624FDF06600187CF4 /* BouncingBall2VC.swift */,
				BCED3FC824FDF3F000187CF4 /* BouncingFunctionVC.swift */,
				BCED3FCA24FE54B300187CF4 /* BouncingBallTimer.swift */,
				BCED3FCC24FE588700187CF4 /* BouncingBallCADisplayLinkVC.swift */,
				BCED3FCE24FE605100187CF4 /* CustomDrawingVC.swift */,
				BCED3FD024FE6E3800187CF4 /* ChalkBoardVC.swift */,
				BCED3FD224FE6FA500187CF4 /* ChalkBoardReducingDrawingVC.swift */,
				BCC60A9C24FF7B17003B094C /* ImageProccessing */,
			);
			path = LayerAnimations;
			sourceTree = "<group>";
		};
/* End PBXGroup section */

/* Begin PBXNativeTarget section */
		BC38250B24F6113200DF80DB /* CATest */ = {
			isa = PBXNativeTarget;
			buildConfigurationList = BC38252024F6113400DF80DB /* Build configuration list for PBXNativeTarget "CATest" */;
			buildPhases = (
				3901FC12CC5B95E3874C9ADF /* [CP] Check Pods Manifest.lock */,
				BC38250824F6113200DF80DB /* Sources */,
				BC38250924F6113200DF80DB /* Frameworks */,
				BC38250A24F6113200DF80DB /* Resources */,
				CA33F8D1C9017F394E09B59A /* [CP] Embed Pods Frameworks */,
			);
			buildRules = (
			);
			dependencies = (
			);
			name = CATest;
			productName = CATest;
			productReference = BC38250C24F6113200DF80DB /* CATest.app */;
			productType = "com.apple.product-type.application";
		};
/* End PBXNativeTarget section */

/* Begin PBXProject section */
		BC38250424F6113200DF80DB /* Project object */ = {
			isa = PBXProject;
			attributes = {
				LastSwiftUpdateCheck = 1160;
				LastUpgradeCheck = 1160;
				ORGANIZATIONNAME = "Chung Tran";
				TargetAttributes = {
					BC38250B24F6113200DF80DB = {
						CreatedOnToolsVersion = 11.6;
					};
				};
			};
			buildConfigurationList = BC38250724F6113200DF80DB /* Build configuration list for PBXProject "CATest" */;
			compatibilityVersion = "Xcode 9.3";
			developmentRegion = en;
			hasScannedForEncodings = 0;
			knownRegions = (
				en,
				Base,
			);
			mainGroup = BC38250324F6113200DF80DB;
			productRefGroup = BC38250D24F6113200DF80DB /* Products */;
			projectDirPath = "";
			projectRoot = "";
			targets = (
				BC38250B24F6113200DF80DB /* CATest */,
			);
		};
/* End PBXProject section */

/* Begin PBXResourcesBuildPhase section */
		BC38250A24F6113200DF80DB /* Resources */ = {
			isa = PBXResourcesBuildPhase;
			buildActionMask = 2147483647;
			files = (
				BC38251C24F6113400DF80DB /* LaunchScreen.storyboard in Resources */,
				BCC60A9B24FF7B02003B094C /* Vacation Photos in Resources */,
				BC38251924F6113400DF80DB /* Assets.xcassets in Resources */,
				BC38251724F6113200DF80DB /* Main.storyboard in Resources */,
			);
			runOnlyForDeploymentPostprocessing = 0;
		};
/* End PBXResourcesBuildPhase section */

/* Begin PBXShellScriptBuildPhase section */
		3901FC12CC5B95E3874C9ADF /* [CP] Check Pods Manifest.lock */ = {
			isa = PBXShellScriptBuildPhase;
			buildActionMask = 2147483647;
			files = (
			);
			inputFileListPaths = (
			);
			inputPaths = (
				"${PODS_PODFILE_DIR_PATH}/Podfile.lock",
				"${PODS_ROOT}/Manifest.lock",
			);
			name = "[CP] Check Pods Manifest.lock";
			outputFileListPaths = (
			);
			outputPaths = (
				"$(DERIVED_FILE_DIR)/Pods-CATest-checkManifestLockResult.txt",
			);
			runOnlyForDeploymentPostprocessing = 0;
			shellPath = /bin/sh;
			shellScript = "diff \"${PODS_PODFILE_DIR_PATH}/Podfile.lock\" \"${PODS_ROOT}/Manifest.lock\" > /dev/null\nif [ $? != 0 ] ; then\n    # print error to STDERR\n    echo \"error: The sandbox is not in sync with the Podfile.lock. Run 'pod install' or update your CocoaPods installation.\" >&2\n    exit 1\nfi\n# This output is used by Xcode 'outputs' to avoid re-running this script phase.\necho \"SUCCESS\" > \"${SCRIPT_OUTPUT_FILE_0}\"\n";
			showEnvVarsInLog = 0;
		};
		CA33F8D1C9017F394E09B59A /* [CP] Embed Pods Frameworks */ = {
			isa = PBXShellScriptBuildPhase;
			buildActionMask = 2147483647;
			files = (
			);
			inputFileListPaths = (
				"${PODS_ROOT}/Target Support Files/Pods-CATest/Pods-CATest-frameworks-${CONFIGURATION}-input-files.xcfilelist",
			);
			name = "[CP] Embed Pods Frameworks";
			outputFileListPaths = (
				"${PODS_ROOT}/Target Support Files/Pods-CATest/Pods-CATest-frameworks-${CONFIGURATION}-output-files.xcfilelist",
			);
			runOnlyForDeploymentPostprocessing = 0;
			shellPath = /bin/sh;
			shellScript = "\"${PODS_ROOT}/Target Support Files/Pods-CATest/Pods-CATest-frameworks.sh\"\n";
			showEnvVarsInLog = 0;
		};
/* End PBXShellScriptBuildPhase section */

/* Begin PBXSourcesBuildPhase section */
		BC38250824F6113200DF80DB /* Sources */ = {
			isa = PBXSourcesBuildPhase;
			buildActionMask = 2147483647;
			files = (
				BC7B74CD24F79D3D00913A19 /* Extensions.swift in Sources */,
				BCACA384250337F5004D8DC1 /* AnimatorFactory.swift in Sources */,
				BCACA38625033AB7004D8DC1 /* BlurAnimationVC.swift in Sources */,
				BC38251424F6113200DF80DB /* LayerCustomTranstionVC.swift in Sources */,
				BC38251024F6113200DF80DB /* AppDelegate.swift in Sources */,
				BCED3FC724FDF06600187CF4 /* BouncingBall2VC.swift in Sources */,
				BC7B74E024F8924D00913A19 /* TransitionTabBarVC.swift in Sources */,
				BCACA37625032D48004D8DC1 /* BaseViewController.swift in Sources */,
				BCACA38A25034188004D8DC1 /* SpringAnimatorVC.swift in Sources */,
				BCACA38825033B7A004D8DC1 /* CenteredImageViewVC.swift in Sources */,
				BC7B74DC24F7D01500913A19 /* AnimationGroupVC.swift in Sources */,
				BC7B74D524F7A5C300913A19 /* KeyframeAnimationsVC.swift in Sources */,
				BC7B74EC24F8B25500913A19 /* SwingingDoorVC.swift in Sources */,
				BC7B74E824F89A6600913A19 /* CancellableAnimationVC.swift in Sources */,
				BCC60AA624FF940D003B094C /* CubeTransitionVC.swift in Sources */,
				BC27040C2500DBDC0042A29B /* VinylPlayerVC.swift in Sources */,
				BC7B74CA24F7955300913A19 /* UsingPresentationLayerVC.swift in Sources */,
				BC7B74E224F894A500913A19 /* TransitionUIKitVC.swift in Sources */,
				BCED3FC924FDF3F000187CF4 /* BouncingFunctionVC.swift in Sources */,
				BCC60AA124FF8C5D003B094C /* CrossfadingAnimationVC.swift in Sources */,
				BCC60AA824FF9BDC003B094C /* ViewKeyframeAnimationVC.swift in Sources */,
				BC7B74DE24F88E3F00913A19 /* TransitionVC.swift in Sources */,
				BCED3FB724FB64BE00187CF4 /* EasingAnimationVC.swift in Sources */,
				BCACA382250337A3004D8DC1 /* UIViewPropertyAnimatorKeyframesVC.swift in Sources */,
				BC7B74D124F7A07300913A19 /* CAAnimationDelegateVC.swift in Sources */,
				BC38251224F6113200DF80DB /* SceneDelegate.swift in Sources */,
				BC7B74CF24F79EE800913A19 /* DisableImplicitAnimsVC.swift in Sources */,
				BCED3FD124FE6E3800187CF4 /* ChalkBoardVC.swift in Sources */,
				BCED3FCD24FE588700187CF4 /* BouncingBallCADisplayLinkVC.swift in Sources */,
				BCACA38025033328004D8DC1 /* UIViewPropertyAnimatorVC.swift in Sources */,
				BC7B74F124F9EFF400913A19 /* TimeOffsetAndSpeedVC.swift in Sources */,
				BCACA37025022972004D8DC1 /* SplashRevealVC.swift in Sources */,
				BCED3FD324FE6FA500187CF4 /* ChalkBoardReducingDrawingVC.swift in Sources */,
				BC457A7E2503463F00B0B0F9 /* ConstraintAnimationVC.swift in Sources */,
				BCED3FCB24FE54B300187CF4 /* BouncingBallTimer.swift in Sources */,
				BC7B74F324F9F53600913A19 /* PausingAnimationVC.swift in Sources */,
				BCED3FBD24FB883A00187CF4 /* BoucingBallVC.swift in Sources */,
				BC7B74EA24F89C6100913A19 /* TableViewController.swift in Sources */,
				BC7B74D924F7B02400913A19 /* VirtualPropertyAnimsVC.swift in Sources */,
				BC7B74E624F8979700913A19 /* RenderInContextVC.swift in Sources */,
				BC27040E2500E7890042A29B /* VinylSongDetailVC.swift in Sources */,
				BCC60AA424FF908F003B094C /* ViewAnimationVC.swift in Sources */,
				BC7B74D724F7A7C200913A19 /* MovingAircraftVC.swift in Sources */,
				BCED3FBB24FB6B1800187CF4 /* ClockVC.swift in Sources */,
				BC457A80250349C500B0B0F9 /* ExpandableListVC.swift in Sources */,
				BC7B74E424F8971200913A19 /* ButtonVC.swift in Sources */,
				BCC60A9E24FF7B31003B094C /* ImageCarouselVC.swift in Sources */,
				BCED3FB924FB669700187CF4 /* EasingKeyframeAnimationVC.swift in Sources */,
				BC7B74D324F7A4DA00913A19 /* SingleCubeVC.swift in Sources */,
				BCED3FCF24FE605100187CF4 /* CustomDrawingVC.swift in Sources */,
			);
			runOnlyForDeploymentPostprocessing = 0;
		};
/* End PBXSourcesBuildPhase section */

/* Begin PBXVariantGroup section */
		BC38251524F6113200DF80DB /* Main.storyboard */ = {
			isa = PBXVariantGroup;
			children = (
				BC38251624F6113200DF80DB /* Base */,
			);
			name = Main.storyboard;
			sourceTree = "<group>";
		};
		BC38251A24F6113400DF80DB /* LaunchScreen.storyboard */ = {
			isa = PBXVariantGroup;
			children = (
				BC38251B24F6113400DF80DB /* Base */,
			);
			name = LaunchScreen.storyboard;
			sourceTree = "<group>";
		};
/* End PBXVariantGroup section */

/* Begin XCBuildConfiguration section */
		BC38251E24F6113400DF80DB /* Debug */ = {
			isa = XCBuildConfiguration;
			buildSettings = {
				ALWAYS_SEARCH_USER_PATHS = NO;
				CLANG_ANALYZER_NONNULL = YES;
				CLANG_ANALYZER_NUMBER_OBJECT_CONVERSION = YES_AGGRESSIVE;
				CLANG_CXX_LANGUAGE_STANDARD = "gnu++14";
				CLANG_CXX_LIBRARY = "libc++";
				CLANG_ENABLE_MODULES = YES;
				CLANG_ENABLE_OBJC_ARC = YES;
				CLANG_ENABLE_OBJC_WEAK = YES;
				CLANG_WARN_BLOCK_CAPTURE_AUTORELEASING = YES;
				CLANG_WARN_BOOL_CONVERSION = YES;
				CLANG_WARN_COMMA = YES;
				CLANG_WARN_CONSTANT_CONVERSION = YES;
				CLANG_WARN_DEPRECATED_OBJC_IMPLEMENTATIONS = YES;
				CLANG_WARN_DIRECT_OBJC_ISA_USAGE = YES_ERROR;
				CLANG_WARN_DOCUMENTATION_COMMENTS = YES;
				CLANG_WARN_EMPTY_BODY = YES;
				CLANG_WARN_ENUM_CONVERSION = YES;
				CLANG_WARN_INFINITE_RECURSION = YES;
				CLANG_WARN_INT_CONVERSION = YES;
				CLANG_WARN_NON_LITERAL_NULL_CONVERSION = YES;
				CLANG_WARN_OBJC_IMPLICIT_RETAIN_SELF = YES;
				CLANG_WARN_OBJC_LITERAL_CONVERSION = YES;
				CLANG_WARN_OBJC_ROOT_CLASS = YES_ERROR;
				CLANG_WARN_RANGE_LOOP_ANALYSIS = YES;
				CLANG_WARN_STRICT_PROTOTYPES = YES;
				CLANG_WARN_SUSPICIOUS_MOVE = YES;
				CLANG_WARN_UNGUARDED_AVAILABILITY = YES_AGGRESSIVE;
				CLANG_WARN_UNREACHABLE_CODE = YES;
				CLANG_WARN__DUPLICATE_METHOD_MATCH = YES;
				COPY_PHASE_STRIP = NO;
				DEBUG_INFORMATION_FORMAT = dwarf;
				ENABLE_STRICT_OBJC_MSGSEND = YES;
				ENABLE_TESTABILITY = YES;
				GCC_C_LANGUAGE_STANDARD = gnu11;
				GCC_DYNAMIC_NO_PIC = NO;
				GCC_NO_COMMON_BLOCKS = YES;
				GCC_OPTIMIZATION_LEVEL = 0;
				GCC_PREPROCESSOR_DEFINITIONS = (
					"DEBUG=1",
					"$(inherited)",
				);
				GCC_WARN_64_TO_32_BIT_CONVERSION = YES;
				GCC_WARN_ABOUT_RETURN_TYPE = YES_ERROR;
				GCC_WARN_UNDECLARED_SELECTOR = YES;
				GCC_WARN_UNINITIALIZED_AUTOS = YES_AGGRESSIVE;
				GCC_WARN_UNUSED_FUNCTION = YES;
				GCC_WARN_UNUSED_VARIABLE = YES;
				IPHONEOS_DEPLOYMENT_TARGET = 13.6;
				MTL_ENABLE_DEBUG_INFO = INCLUDE_SOURCE;
				MTL_FAST_MATH = YES;
				ONLY_ACTIVE_ARCH = YES;
				SDKROOT = iphoneos;
				SWIFT_ACTIVE_COMPILATION_CONDITIONS = DEBUG;
				SWIFT_OPTIMIZATION_LEVEL = "-Onone";
			};
			name = Debug;
		};
		BC38251F24F6113400DF80DB /* Release */ = {
			isa = XCBuildConfiguration;
			buildSettings = {
				ALWAYS_SEARCH_USER_PATHS = NO;
				CLANG_ANALYZER_NONNULL = YES;
				CLANG_ANALYZER_NUMBER_OBJECT_CONVERSION = YES_AGGRESSIVE;
				CLANG_CXX_LANGUAGE_STANDARD = "gnu++14";
				CLANG_CXX_LIBRARY = "libc++";
				CLANG_ENABLE_MODULES = YES;
				CLANG_ENABLE_OBJC_ARC = YES;
				CLANG_ENABLE_OBJC_WEAK = YES;
				CLANG_WARN_BLOCK_CAPTURE_AUTORELEASING = YES;
				CLANG_WARN_BOOL_CONVERSION = YES;
				CLANG_WARN_COMMA = YES;
				CLANG_WARN_CONSTANT_CONVERSION = YES;
				CLANG_WARN_DEPRECATED_OBJC_IMPLEMENTATIONS = YES;
				CLANG_WARN_DIRECT_OBJC_ISA_USAGE = YES_ERROR;
				CLANG_WARN_DOCUMENTATION_COMMENTS = YES;
				CLANG_WARN_EMPTY_BODY = YES;
				CLANG_WARN_ENUM_CONVERSION = YES;
				CLANG_WARN_INFINITE_RECURSION = YES;
				CLANG_WARN_INT_CONVERSION = YES;
				CLANG_WARN_NON_LITERAL_NULL_CONVERSION = YES;
				CLANG_WARN_OBJC_IMPLICIT_RETAIN_SELF = YES;
				CLANG_WARN_OBJC_LITERAL_CONVERSION = YES;
				CLANG_WARN_OBJC_ROOT_CLASS = YES_ERROR;
				CLANG_WARN_RANGE_LOOP_ANALYSIS = YES;
				CLANG_WARN_STRICT_PROTOTYPES = YES;
				CLANG_WARN_SUSPICIOUS_MOVE = YES;
				CLANG_WARN_UNGUARDED_AVAILABILITY = YES_AGGRESSIVE;
				CLANG_WARN_UNREACHABLE_CODE = YES;
				CLANG_WARN__DUPLICATE_METHOD_MATCH = YES;
				COPY_PHASE_STRIP = NO;
				DEBUG_INFORMATION_FORMAT = "dwarf-with-dsym";
				ENABLE_NS_ASSERTIONS = NO;
				ENABLE_STRICT_OBJC_MSGSEND = YES;
				GCC_C_LANGUAGE_STANDARD = gnu11;
				GCC_NO_COMMON_BLOCKS = YES;
				GCC_WARN_64_TO_32_BIT_CONVERSION = YES;
				GCC_WARN_ABOUT_RETURN_TYPE = YES_ERROR;
				GCC_WARN_UNDECLARED_SELECTOR = YES;
				GCC_WARN_UNINITIALIZED_AUTOS = YES_AGGRESSIVE;
				GCC_WARN_UNUSED_FUNCTION = YES;
				GCC_WARN_UNUSED_VARIABLE = YES;
				IPHONEOS_DEPLOYMENT_TARGET = 13.6;
				MTL_ENABLE_DEBUG_INFO = NO;
				MTL_FAST_MATH = YES;
				SDKROOT = iphoneos;
				SWIFT_COMPILATION_MODE = wholemodule;
				SWIFT_OPTIMIZATION_LEVEL = "-O";
				VALIDATE_PRODUCT = YES;
			};
			name = Release;
		};
		BC38252124F6113400DF80DB /* Debug */ = {
			isa = XCBuildConfiguration;
			baseConfigurationReference = 69DC3E8BFCB1622B142DB5FB /* Pods-CATest.debug.xcconfig */;
			buildSettings = {
				ASSETCATALOG_COMPILER_APPICON_NAME = AppIcon;
				CODE_SIGN_STYLE = Automatic;
				INFOPLIST_FILE = CATest/Info.plist;
				LD_RUNPATH_SEARCH_PATHS = (
					"$(inherited)",
					"@executable_path/Frameworks",
				);
				PRODUCT_BUNDLE_IDENTIFIER = info.bigears.CATest;
				PRODUCT_NAME = "$(TARGET_NAME)";
				SWIFT_VERSION = 5.0;
				TARGETED_DEVICE_FAMILY = "1,2";
			};
			name = Debug;
		};
		BC38252224F6113400DF80DB /* Release */ = {
			isa = XCBuildConfiguration;
			baseConfigurationReference = C3FE258FCE4E6C6C51C46D7A /* Pods-CATest.release.xcconfig */;
			buildSettings = {
				ASSETCATALOG_COMPILER_APPICON_NAME = AppIcon;
				CODE_SIGN_STYLE = Automatic;
				INFOPLIST_FILE = CATest/Info.plist;
				LD_RUNPATH_SEARCH_PATHS = (
					"$(inherited)",
					"@executable_path/Frameworks",
				);
				PRODUCT_BUNDLE_IDENTIFIER = info.bigears.CATest;
				PRODUCT_NAME = "$(TARGET_NAME)";
				SWIFT_VERSION = 5.0;
				TARGETED_DEVICE_FAMILY = "1,2";
			};
			name = Release;
		};
/* End XCBuildConfiguration section */

/* Begin XCConfigurationList section */
		BC38250724F6113200DF80DB /* Build configuration list for PBXProject "CATest" */ = {
			isa = XCConfigurationList;
			buildConfigurations = (
				BC38251E24F6113400DF80DB /* Debug */,
				BC38251F24F6113400DF80DB /* Release */,
			);
			defaultConfigurationIsVisible = 0;
			defaultConfigurationName = Release;
		};
		BC38252024F6113400DF80DB /* Build configuration list for PBXNativeTarget "CATest" */ = {
			isa = XCConfigurationList;
			buildConfigurations = (
				BC38252124F6113400DF80DB /* Debug */,
				BC38252224F6113400DF80DB /* Release */,
			);
			defaultConfigurationIsVisible = 0;
			defaultConfigurationName = Release;
		};
/* End XCConfigurationList section */
	};
	rootObject = BC38250424F6113200DF80DB /* Project object */;
}
